
Microsoft Visual Studio Solution File, Format Version 12.00
# Visual Studio 2013
VisualStudioVersion = 12.0.31101.0
MinimumVisualStudioVersion = 10.0.40219.1
Project("{FAE04EC0-301F-11D3-BF4B-00C04F79EFBC}") = "SmartEvents.Model", "SmartEvents.Model\SmartEvents.Model.csproj", "{D0B8F174-74C8-4DF7-8668-5084B5095F6F}"
EndProject
Project("{FAE04EC0-301F-11D3-BF4B-00C04F79EFBC}") = "SmartEvents.DAL", "SmartEvents.DAL\SmartEvents.DAL.csproj", "{A3A0F807-1E76-45F2-A55F-6F23C7C5ED38}"
EndProject
Project("{FAE04EC0-301F-11D3-BF4B-00C04F79EFBC}") = "SmartEvents.BLL", "SmartEvents.BLL\SmartEvents.BLL.csproj", "{037BC133-8830-4D92-AF4B-BA9C7E5DDEB5}"
EndProject
Project("{FAE04EC0-301F-11D3-BF4B-00C04F79EFBC}") = "SmartEvents.Web", "SmartEvents.Web\SmartEvents.Web.csproj", "{745C9D87-A1A0-4B49-8935-C58C9A589080}"
EndProject
Project("{FAE04EC0-301F-11D3-BF4B-00C04F79EFBC}") = "SmartEvents.Web.Tests", "SmartEvents.Web.Tests\SmartEvents.Web.Tests.csproj", "{F1E7D352-3FBB-4497-9AE8-2F666601F2DE}"
EndProject
Project("{00D1A9C2-B5F0-4AF3-8072-F6C62B433612}") = "SmartEvents.Database", "SmartEvents.Database\SmartEvents.Database.sqlproj", "{2D76063E-5C3E-4E10-9E3B-D90ACD7D34F7}"
EndProject
Project("{FAE04EC0-301F-11D3-BF4B-00C04F79EFBC}") = "SmartEvents.DAL.Tests", "SmartEvents.DAL.Tests\SmartEvents.DAL.Tests.csproj", "{BB73E014-2EEE-4C84-8E15-640317D0E8CB}"
EndProject
Project("{FAE04EC0-301F-11D3-BF4B-00C04F79EFBC}") = "SmartEvents.Infrastructure", "SmartEvents.Infrastructure\SmartEvents.Infrastructure.csproj", "{4C120DEB-B1F4-4F13-B4A9-01A186445C5D}"
EndProject
Project("{FAE04EC0-301F-11D3-BF4B-00C04F79EFBC}") = "SmartEvents.Infrastructure.Tests", "SmartEvents.Infrastructure.Tests\SmartEvents.Infrastructure.Tests.csproj", "{72357E4B-FC15-402C-81AD-22F97E3CB694}"
EndProject
Project("{2150E333-8FDC-42A3-9474-1A3956D46DE8}") = ".nuget", ".nuget", "{62C8B5FA-D041-4BFC-A871-BD86BEE71CC2}"
	ProjectSection(SolutionItems) = preProject
		.nuget\NuGet.Config = .nuget\NuGet.Config
		.nuget\NuGet.exe = .nuget\NuGet.exe
		.nuget\NuGet.targets = .nuget\NuGet.targets
	EndProjectSection
EndProject
Project("{2150E333-8FDC-42A3-9474-1A3956D46DE8}") = "Tests", "Tests", "{F5EDD30C-4934-4C9A-9766-75207AB76123}"
EndProject
Project("{FAE04EC0-301F-11D3-BF4B-00C04F79EFBC}") = "SmartEvents.BLL.Tests", "SmartEvents.BLL.Tests\SmartEvents.BLL.Tests.csproj", "{FD30A961-97A1-4831-ABE1-8E885B2E7AF9}"
EndProject
Project("{FAE04EC0-301F-11D3-BF4B-00C04F79EFBC}") = "SmartEvents.Dashboard", "SmartEvents.Dashboard\SmartEvents.Dashboard.csproj", "{86CADB26-5817-46B6-88C7-76D5753722C3}"
EndProject
Global
	GlobalSection(SolutionConfigurationPlatforms) = preSolution
		Debug|Any CPU = Debug|Any CPU
		Fincons|Any CPU = Fincons|Any CPU
		Release|Any CPU = Release|Any CPU
	EndGlobalSection
	GlobalSection(ProjectConfigurationPlatforms) = postSolution
		{D0B8F174-74C8-4DF7-8668-5084B5095F6F}.Debug|Any CPU.ActiveCfg = Debug|Any CPU
		{D0B8F174-74C8-4DF7-8668-5084B5095F6F}.Debug|Any CPU.Build.0 = Debug|Any CPU
		{D0B8F174-74C8-4DF7-8668-5084B5095F6F}.Fincons|Any CPU.ActiveCfg = Fincons|Any CPU
		{D0B8F174-74C8-4DF7-8668-5084B5095F6F}.Fincons|Any CPU.Build.0 = Fincons|Any CPU
		{D0B8F174-74C8-4DF7-8668-5084B5095F6F}.Release|Any CPU.ActiveCfg = Release|Any CPU
		{D0B8F174-74C8-4DF7-8668-5084B5095F6F}.Release|Any CPU.Build.0 = Release|Any CPU
		{A3A0F807-1E76-45F2-A55F-6F23C7C5ED38}.Debug|Any CPU.ActiveCfg = Debug|Any CPU
		{A3A0F807-1E76-45F2-A55F-6F23C7C5ED38}.Debug|Any CPU.Build.0 = Debug|Any CPU
		{A3A0F807-1E76-45F2-A55F-6F23C7C5ED38}.Fincons|Any CPU.ActiveCfg = Fincons|Any CPU
		{A3A0F807-1E76-45F2-A55F-6F23C7C5ED38}.Fincons|Any CPU.Build.0 = Fincons|Any CPU
		{A3A0F807-1E76-45F2-A55F-6F23C7C5ED38}.Release|Any CPU.ActiveCfg = Release|Any CPU
		{A3A0F807-1E76-45F2-A55F-6F23C7C5ED38}.Release|Any CPU.Build.0 = Release|Any CPU
		{037BC133-8830-4D92-AF4B-BA9C7E5DDEB5}.Debug|Any CPU.ActiveCfg = Debug|Any CPU
		{037BC133-8830-4D92-AF4B-BA9C7E5DDEB5}.Debug|Any CPU.Build.0 = Debug|Any CPU
		{037BC133-8830-4D92-AF4B-BA9C7E5DDEB5}.Fincons|Any CPU.ActiveCfg = Fincons|Any CPU
		{037BC133-8830-4D92-AF4B-BA9C7E5DDEB5}.Fincons|Any CPU.Build.0 = Fincons|Any CPU
		{037BC133-8830-4D92-AF4B-BA9C7E5DDEB5}.Release|Any CPU.ActiveCfg = Release|Any CPU
		{037BC133-8830-4D92-AF4B-BA9C7E5DDEB5}.Release|Any CPU.Build.0 = Release|Any CPU
		{745C9D87-A1A0-4B49-8935-C58C9A589080}.Debug|Any CPU.ActiveCfg = Debug|Any CPU
		{745C9D87-A1A0-4B49-8935-C58C9A589080}.Fincons|Any CPU.ActiveCfg = Fincons|Any CPU
		{745C9D87-A1A0-4B49-8935-C58C9A589080}.Release|Any CPU.ActiveCfg = Release|Any CPU
		{745C9D87-A1A0-4B49-8935-C58C9A589080}.Release|Any CPU.Build.0 = Release|Any CPU
		{F1E7D352-3FBB-4497-9AE8-2F666601F2DE}.Debug|Any CPU.ActiveCfg = Debug|Any CPU
		{F1E7D352-3FBB-4497-9AE8-2F666601F2DE}.Fincons|Any CPU.ActiveCfg = Fincons|Any CPU
		{F1E7D352-3FBB-4497-9AE8-2F666601F2DE}.Release|Any CPU.ActiveCfg = Release|Any CPU
		{2D76063E-5C3E-4E10-9E3B-D90ACD7D34F7}.Debug|Any CPU.ActiveCfg = Debug|Any CPU
		{2D76063E-5C3E-4E10-9E3B-D90ACD7D34F7}.Debug|Any CPU.Build.0 = Debug|Any CPU
		{2D76063E-5C3E-4E10-9E3B-D90ACD7D34F7}.Debug|Any CPU.Deploy.0 = Debug|Any CPU
		{2D76063E-5C3E-4E10-9E3B-D90ACD7D34F7}.Fincons|Any CPU.ActiveCfg = Fincons|Any CPU
		{2D76063E-5C3E-4E10-9E3B-D90ACD7D34F7}.Fincons|Any CPU.Build.0 = Fincons|Any CPU
		{2D76063E-5C3E-4E10-9E3B-D90ACD7D34F7}.Fincons|Any CPU.Deploy.0 = Fincons|Any CPU
		{2D76063E-5C3E-4E10-9E3B-D90ACD7D34F7}.Release|Any CPU.ActiveCfg = Release|Any CPU
		{2D76063E-5C3E-4E10-9E3B-D90ACD7D34F7}.Release|Any CPU.Build.0 = Release|Any CPU
		{2D76063E-5C3E-4E10-9E3B-D90ACD7D34F7}.Release|Any CPU.Deploy.0 = Release|Any CPU
		{BB73E014-2EEE-4C84-8E15-640317D0E8CB}.Debug|Any CPU.ActiveCfg = Debug|Any CPU
		{BB73E014-2EEE-4C84-8E15-640317D0E8CB}.Debug|Any CPU.Build.0 = Debug|Any CPU
		{BB73E014-2EEE-4C84-8E15-640317D0E8CB}.Fincons|Any CPU.ActiveCfg = Fincons|Any CPU
		{BB73E014-2EEE-4C84-8E15-640317D0E8CB}.Fincons|Any CPU.Build.0 = Fincons|Any CPU
		{BB73E014-2EEE-4C84-8E15-640317D0E8CB}.Release|Any CPU.ActiveCfg = Release|Any CPU
		{4C120DEB-B1F4-4F13-B4A9-01A186445C5D}.Debug|Any CPU.ActiveCfg = Debug|Any CPU
		{4C120DEB-B1F4-4F13-B4A9-01A186445C5D}.Debug|Any CPU.Build.0 = Debug|Any CPU
		{4C120DEB-B1F4-4F13-B4A9-01A186445C5D}.Fincons|Any CPU.ActiveCfg = Fincons|Any CPU
		{4C120DEB-B1F4-4F13-B4A9-01A186445C5D}.Fincons|Any CPU.Build.0 = Fincons|Any CPU
		{4C120DEB-B1F4-4F13-B4A9-01A186445C5D}.Release|Any CPU.ActiveCfg = Release|Any CPU
		{4C120DEB-B1F4-4F13-B4A9-01A186445C5D}.Release|Any CPU.Build.0 = Release|Any CPU
		{72357E4B-FC15-402C-81AD-22F97E3CB694}.Debug|Any CPU.ActiveCfg = Debug|Any CPU
		{72357E4B-FC15-402C-81AD-22F97E3CB694}.Debug|Any CPU.Build.0 = Debug|Any CPU
		{72357E4B-FC15-402C-81AD-22F97E3CB694}.Fincons|Any CPU.ActiveCfg = Fincons|Any CPU
		{72357E4B-FC15-402C-81AD-22F97E3CB694}.Fincons|Any CPU.Build.0 = Fincons|Any CPU
		{72357E4B-FC15-402C-81AD-22F97E3CB694}.Release|Any CPU.ActiveCfg = Release|Any CPU
		{FD30A961-97A1-4831-ABE1-8E885B2E7AF9}.Debug|Any CPU.ActiveCfg = Debug|Any CPU
		{FD30A961-97A1-4831-ABE1-8E885B2E7AF9}.Debug|Any CPU.Build.0 = Debug|Any CPU
		{FD30A961-97A1-4831-ABE1-8E885B2E7AF9}.Fincons|Any CPU.ActiveCfg = Fincons|Any CPU
		{FD30A961-97A1-4831-ABE1-8E885B2E7AF9}.Fincons|Any CPU.Build.0 = Fincons|Any CPU
		{FD30A961-97A1-4831-ABE1-8E885B2E7AF9}.Release|Any CPU.ActiveCfg = Release|Any CPU
		{FD30A961-97A1-4831-ABE1-8E885B2E7AF9}.Release|Any CPU.Build.0 = Release|Any CPU
		{86CADB26-5817-46B6-88C7-76D5753722C3}.Debug|Any CPU.ActiveCfg = Debug|Any CPU
		{86CADB26-5817-46B6-88C7-76D5753722C3}.Debug|Any CPU.Build.0 = Debug|Any CPU
		{86CADB26-5817-46B6-88C7-76D5753722C3}.Fincons|Any CPU.ActiveCfg = Fincons|Any CPU
		{86CADB26-5817-46B6-88C7-76D5753722C3}.Fincons|Any CPU.Build.0 = Fincons|Any CPU
		{86CADB26-5817-46B6-88C7-76D5753722C3}.Release|Any CPU.ActiveCfg = Release|Any CPU
		{86CADB26-5817-46B6-88C7-76D5753722C3}.Release|Any CPU.Build.0 = Release|Any CPU
	EndGlobalSection
	GlobalSection(SolutionProperties) = preSolution
		HideSolutionNode = FALSE
	EndGlobalSection
	GlobalSection(NestedProjects) = preSolution
		{F1E7D352-3FBB-4497-9AE8-2F666601F2DE} = {F5EDD30C-4934-4C9A-9766-75207AB76123}
		{BB73E014-2EEE-4C84-8E15-640317D0E8CB} = {F5EDD30C-4934-4C9A-9766-75207AB76123}
		{72357E4B-FC15-402C-81AD-22F97E3CB694} = {F5EDD30C-4934-4C9A-9766-75207AB76123}
		{FD30A961-97A1-4831-ABE1-8E885B2E7AF9} = {F5EDD30C-4934-4C9A-9766-75207AB76123}
	EndGlobalSection
	GlobalSection(ExtensibilityGlobals) = postSolution
		EnterpriseLibraryConfigurationToolBinariesPathV6 = packages\EnterpriseLibrary.Common.6.0.1304.0\lib\NET45;packages\EnterpriseLibrary.Logging.6.0.1304.0\lib\NET45;packages\EnterpriseLibrary.Data.6.0.1304.0\lib\NET45;packages\EnterpriseLibrary.Logging.Database.6.0.1304.0\lib\NET45
	EndGlobalSection
EndGlobal
